
Microsoft Visual Studio Solution File, Format Version 11.00
# Visual Studio 2010
Project("{FAE04EC0-301F-11D3-BF4B-00C04F79EFBC}") = "MvcInstaller", "MvcInstaller\MvcInstaller.csproj", "{B7B13914-8636-4294-AE81-604C4FEB5E07}"
EndProject
Project("{FAE04EC0-301F-11D3-BF4B-00C04F79EFBC}") = "MvcInstaller.UnitTests", "MvcInstaller.UnitTests\MvcInstaller.UnitTests.csproj", "{9F279F55-6A4A-402B-A58F-A5314EB0FDC2}"
EndProject
Project("{FAE04EC0-301F-11D3-BF4B-00C04F79EFBC}") = "MvcInstallerV3", "MvcInstallerV3\MvcInstallerV3.csproj", "{8B15F406-FAE7-4AD1-B5B0-478D3FC1291C}"
EndProject
Project("{FAE04EC0-301F-11D3-BF4B-00C04F79EFBC}") = "MvcInstaller.Tests", "MvcInstaller.Tests\MvcInstaller.Tests.csproj", "{CFE1E21C-4715-4300-B9E8-8370D1A48C0B}"
EndProject
Project("{2150E333-8FDC-42A3-9474-1A3956D46DE8}") = "Solution Items", "Solution Items", "{ACA29330-0D97-4EE6-ABEF-75CE538CD518}"
	ProjectSection(SolutionItems) = preProject
		Local.testsettings = Local.testsettings
		MvcInstaller.vsmdi = MvcInstaller.vsmdi
		TraceAndTestImpact.testsettings = TraceAndTestImpact.testsettings
	EndProjectSection
EndProject
Project("{FAE04EC0-301F-11D3-BF4B-00C04F79EFBC}") = "RuleValidationFactory.Tests", "RuleValidationFactory.Tests\RuleValidationFactory.Tests.csproj", "{56AED74A-78E9-445E-A7EA-DA0F6B43FAB1}"
EndProject
Project("{FAE04EC0-301F-11D3-BF4B-00C04F79EFBC}") = "MvcApplication3", "MvcApplication3\MvcApplication3.csproj", "{F11D8B9E-8E43-4211-9B41-FB6B3F6A6D81}"
EndProject
Project("{FAE04EC0-301F-11D3-BF4B-00C04F79EFBC}") = "MvcInstallerV3.UnitTests", "MvcInstallerV3.UnitTests\MvcInstallerV3.UnitTests.csproj", "{A947FD4B-551F-4FAA-827D-82EC092A32C7}"
EndProject
Project("{FAE04EC0-301F-11D3-BF4B-00C04F79EFBC}") = "MvcApplication4", "MvcApplication4\MvcApplication4.csproj", "{E66DB55B-6A5C-4F76-A2A8-359871EFF85B}"
EndProject
Global
	GlobalSection(TestCaseManagementSettings) = postSolution
		CategoryFile = MvcInstaller.vsmdi
	EndGlobalSection
	GlobalSection(SolutionConfigurationPlatforms) = preSolution
		Debug|Any CPU = Debug|Any CPU
		Release|Any CPU = Release|Any CPU
	EndGlobalSection
	GlobalSection(ProjectConfigurationPlatforms) = postSolution
		{B7B13914-8636-4294-AE81-604C4FEB5E07}.Debug|Any CPU.ActiveCfg = Release|Any CPU
		{B7B13914-8636-4294-AE81-604C4FEB5E07}.Debug|Any CPU.Build.0 = Release|Any CPU
		{B7B13914-8636-4294-AE81-604C4FEB5E07}.Release|Any CPU.ActiveCfg = Release|Any CPU
		{B7B13914-8636-4294-AE81-604C4FEB5E07}.Release|Any CPU.Build.0 = Release|Any CPU
		{9F279F55-6A4A-402B-A58F-A5314EB0FDC2}.Debug|Any CPU.ActiveCfg = Debug|Any CPU
		{9F279F55-6A4A-402B-A58F-A5314EB0FDC2}.Debug|Any CPU.Build.0 = Debug|Any CPU
		{9F279F55-6A4A-402B-A58F-A5314EB0FDC2}.Release|Any CPU.ActiveCfg = Release|Any CPU
		{9F279F55-6A4A-402B-A58F-A5314EB0FDC2}.Release|Any CPU.Build.0 = Release|Any CPU
		{8B15F406-FAE7-4AD1-B5B0-478D3FC1291C}.Debug|Any CPU.ActiveCfg = Release|Any CPU
		{8B15F406-FAE7-4AD1-B5B0-478D3FC1291C}.Debug|Any CPU.Build.0 = Release|Any CPU
		{8B15F406-FAE7-4AD1-B5B0-478D3FC1291C}.Release|Any CPU.ActiveCfg = Release|Any CPU
		{8B15F406-FAE7-4AD1-B5B0-478D3FC1291C}.Release|Any CPU.Build.0 = Release|Any CPU
		{CFE1E21C-4715-4300-B9E8-8370D1A48C0B}.Debug|Any CPU.ActiveCfg = Debug|Any CPU
		{CFE1E21C-4715-4300-B9E8-8370D1A48C0B}.Debug|Any CPU.Build.0 = Debug|Any CPU
		{CFE1E21C-4715-4300-B9E8-8370D1A48C0B}.Release|Any CPU.ActiveCfg = Release|Any CPU
		{CFE1E21C-4715-4300-B9E8-8370D1A48C0B}.Release|Any CPU.Build.0 = Release|Any CPU
		{56AED74A-78E9-445E-A7EA-DA0F6B43FAB1}.Debug|Any CPU.ActiveCfg = Debug|Any CPU
		{56AED74A-78E9-445E-A7EA-DA0F6B43FAB1}.Debug|Any CPU.Build.0 = Debug|Any CPU
		{56AED74A-78E9-445E-A7EA-DA0F6B43FAB1}.Release|Any CPU.ActiveCfg = Release|Any CPU
		{56AED74A-78E9-445E-A7EA-DA0F6B43FAB1}.Release|Any CPU.Build.0 = Release|Any CPU
		{F11D8B9E-8E43-4211-9B41-FB6B3F6A6D81}.Debug|Any CPU.ActiveCfg = Debug|Any CPU
		{F11D8B9E-8E43-4211-9B41-FB6B3F6A6D81}.Debug|Any CPU.Build.0 = Debug|Any CPU
		{F11D8B9E-8E43-4211-9B41-FB6B3F6A6D81}.Release|Any CPU.ActiveCfg = Release|Any CPU
		{F11D8B9E-8E43-4211-9B41-FB6B3F6A6D81}.Release|Any CPU.Build.0 = Release|Any CPU
		{A947FD4B-551F-4FAA-827D-82EC092A32C7}.Debug|Any CPU.ActiveCfg = Debug|Any CPU
		{A947FD4B-551F-4FAA-827D-82EC092A32C7}.Debug|Any CPU.Build.0 = Debug|Any CPU
		{A947FD4B-551F-4FAA-827D-82EC092A32C7}.Release|Any CPU.ActiveCfg = Release|Any CPU
		{A947FD4B-551F-4FAA-827D-82EC092A32C7}.Release|Any CPU.Build.0 = Release|Any CPU
		{E66DB55B-6A5C-4F76-A2A8-359871EFF85B}.Debug|Any CPU.ActiveCfg = Debug|Any CPU
		{E66DB55B-6A5C-4F76-A2A8-359871EFF85B}.Debug|Any CPU.Build.0 = Debug|Any CPU
		{E66DB55B-6A5C-4F76-A2A8-359871EFF85B}.Release|Any CPU.ActiveCfg = Release|Any CPU
		{E66DB55B-6A5C-4F76-A2A8-359871EFF85B}.Release|Any CPU.Build.0 = Release|Any CPU
	EndGlobalSection
	GlobalSection(SolutionProperties) = preSolution
		HideSolutionNode = FALSE
	EndGlobalSection
EndGlobal
